{
  "version": 4,
  "terraform_version": "1.6.0",
  "serial": 78,
  "lineage": "61cb0915-17b0-4569-db40-e2efcad892c6",
  "outputs": {
    "bastion_ip": {
      "value": "51.158.116.161",
      "type": "string"
    },
    "lb_ip": {
      "value": "51.159.24.196",
      "type": "string"
    },
    "srv1_private_ip": {
      "value": "10.76.185.5",
      "type": "string"
    },
    "srv2_private_ip": {
      "value": "10.76.185.9",
      "type": "string"
    }
  },
  "resources": [
    {
      "mode": "managed",
      "type": "scaleway_instance_server",
      "name": "deploy_drupal_backend1",
      "provider": "provider[\"registry.opentofu.org/scaleway/scaleway\"]",
      "instances": [
        {
          "schema_version": 0,
          "attributes": {
            "additional_volume_ids": null,
            "boot_type": "local",
            "bootscript_id": "fdfe150f-a870-4ce4-b432-9f56b5b995c1",
            "cloud_init": null,
            "enable_dynamic_ip": false,
            "enable_ipv6": false,
            "id": "fr-par-1/e90cc4bb-c56f-4a3a-a3c6-8dfd526b00ff",
            "image": "debian_bookworm",
            "ip_id": "",
            "ip_ids": null,
            "ipv6_address": "",
            "ipv6_gateway": "",
            "ipv6_prefix_length": 0,
            "name": "LesMessagers-srv1",
            "organization_id": "01548252-c96f-4826-a6cb-d7d596f52e93",
            "placement_group_id": null,
            "placement_group_policy_respected": null,
            "private_ip": "10.76.185.5",
            "private_network": [
              {
                "mac_address": "02:00:00:18:4f:0e",
                "pn_id": "fr-par/2c96e8d9-c435-470d-b464-a263e5af8d5f",
                "status": "available",
                "zone": "fr-par"
              }
            ],
            "project_id": "a76a55c8-4679-4050-9dc5-5f1e22ac0fdd",
            "public_ip": "",
            "public_ips": [],
            "replace_on_type_change": false,
            "root_volume": [
              {
                "boot": false,
                "delete_on_termination": true,
                "name": "Debian Bookworm",
                "size_in_gb": 10,
                "volume_id": "fr-par-1/5ed28417-61b1-41ac-8a92-998d12cb1105",
                "volume_type": "b_ssd"
              }
            ],
            "routed_ip_enabled": false,
            "security_group_id": "fr-par-1/94dd1b9f-1903-4337-8988-f92b4a414c3c",
            "state": "started",
            "tags": [
              "LesMessagers",
              "web",
              "apache2"
            ],
            "timeouts": null,
            "type": "PRO2-XXS",
            "user_data": {
              "cloud-init": "#!/usr/bin/env bash\n\n# Mise à jour des paquets et installation des dépendances nécessaires\nsudo apt update \u0026\u0026 sudo apt upgrade -y\nsudo apt install -y apache2 php php-cli php-fpm php-json php-common php-mysql php-zip php-gd php-mbstring php-curl php-xml php-pear php-bcmath\n\n# Configurer et démarrer Apache\nsudo systemctl start apache2\nsudo systemctl enable apache2\n\n# Configuration de PHP\nphpinifile=$(php -r \"echo php_ini_loaded_file();\")\nsudo sed -i 's/memory_limit = .*/memory_limit = 256M/' $phpinifile\nsudo sed -i 's/upload_max_filesize = .*/upload_max_filesize = 64M/' $phpinifile\nsudo sed -i 's/post_max_size = .*/post_max_size = 64M/' $phpinifile\nsudo sed -i 's/max_execution_time = .*/max_execution_time = 240/' $phpinifile\nsudo sed -i 's/;max_input_vars = .*/max_input_vars = 3000/' $phpinifile\n\n# Téléchargement et installation de Drupal\ncd /var/www/html\nsudo wget https://www.drupal.org/download-latest/tar.gz -O drupal1.tar.gz\nsudo tar -xzvf drupal1.tar.gz\nsudo mv drupal-* drupal1\nsudo chown -R www-data:www-data drupal1\nsudo find drupal1 -type d -exec chmod 755 {} \\;\nsudo find drupal1 -type f -exec chmod 644 {} \\;\n\n# Redémarrage d'Apache pour appliquer les changements\nsudo systemctl restart apache2\n\necho \"Installation de Drupal terminée. Veuillez finaliser la configuration via l'interface web.\"\n",
              "role": "web"
            },
            "zone": "fr-par-1"
          },
          "sensitive_attributes": [],
          "private": "eyJlMmJmYjczMC1lY2FhLTExZTYtOGY4OC0zNDM2M2JjN2M0YzAiOnsiY3JlYXRlIjo2MDAwMDAwMDAwMDAsImRlZmF1bHQiOjYwMDAwMDAwMDAwMCwiZGVsZXRlIjo2MDAwMDAwMDAwMDAsInJlYWQiOjYwMDAwMDAwMDAwMCwidXBkYXRlIjo2MDAwMDAwMDAwMDB9fQ==",
          "dependencies": [
            "scaleway_vpc_private_network.myvpc"
          ]
        }
      ]
    },
    {
      "mode": "managed",
      "type": "scaleway_instance_server",
      "name": "deploy_drupal_backend2",
      "provider": "provider[\"registry.opentofu.org/scaleway/scaleway\"]",
      "instances": [
        {
          "schema_version": 0,
          "attributes": {
            "additional_volume_ids": null,
            "boot_type": "local",
            "bootscript_id": "fdfe150f-a870-4ce4-b432-9f56b5b995c1",
            "cloud_init": null,
            "enable_dynamic_ip": false,
            "enable_ipv6": false,
            "id": "fr-par-1/e806b380-bed1-4c6e-a295-d6bd89e3a5be",
            "image": "debian_bookworm",
            "ip_id": "",
            "ip_ids": null,
            "ipv6_address": "",
            "ipv6_gateway": "",
            "ipv6_prefix_length": 0,
            "name": "LesMessagers-srv2",
            "organization_id": "01548252-c96f-4826-a6cb-d7d596f52e93",
            "placement_group_id": null,
            "placement_group_policy_respected": null,
            "private_ip": "10.76.185.9",
            "private_network": [
              {
                "mac_address": "02:00:00:18:4f:0f",
                "pn_id": "fr-par/2c96e8d9-c435-470d-b464-a263e5af8d5f",
                "status": "available",
                "zone": "fr-par"
              }
            ],
            "project_id": "a76a55c8-4679-4050-9dc5-5f1e22ac0fdd",
            "public_ip": "",
            "public_ips": [],
            "replace_on_type_change": false,
            "root_volume": [
              {
                "boot": false,
                "delete_on_termination": true,
                "name": "Debian Bookworm",
                "size_in_gb": 10,
                "volume_id": "fr-par-1/110d1d3a-3bb5-4b1f-86fa-f0447150d074",
                "volume_type": "b_ssd"
              }
            ],
            "routed_ip_enabled": false,
            "security_group_id": "fr-par-1/94dd1b9f-1903-4337-8988-f92b4a414c3c",
            "state": "started",
            "tags": [
              "LesMessagers",
              "web",
              "apache2"
            ],
            "timeouts": null,
            "type": "PRO2-XXS",
            "user_data": {
              "cloud-init": "#!/usr/bin/env bash\n\n# Mise à jour des paquets et installation des dépendances nécessaires\nsudo apt update \u0026\u0026 sudo apt upgrade -y\nsudo apt install -y apache2 php php-cli php-fpm php-json php-common php-mysql php-zip php-gd php-mbstring php-curl php-xml php-pear php-bcmath\n\n# Configurer et démarrer Apache\nsudo systemctl start apache2\nsudo systemctl enable apache2\n\n# Configuration de PHP\nphpinifile=$(php -r \"echo php_ini_loaded_file();\")\nsudo sed -i 's/memory_limit = .*/memory_limit = 256M/' $phpinifile\nsudo sed -i 's/upload_max_filesize = .*/upload_max_filesize = 64M/' $phpinifile\nsudo sed -i 's/post_max_size = .*/post_max_size = 64M/' $phpinifile\nsudo sed -i 's/max_execution_time = .*/max_execution_time = 240/' $phpinifile\nsudo sed -i 's/;max_input_vars = .*/max_input_vars = 3000/' $phpinifile\n\n# Téléchargement et installation de Drupal\ncd /var/www/html\nsudo wget https://www.drupal.org/download-latest/tar.gz -O drupal1.tar.gz\nsudo tar -xzvf drupal1.tar.gz\nsudo mv drupal-* drupal1\nsudo chown -R www-data:www-data drupal1\nsudo find drupal1 -type d -exec chmod 755 {} \\;\nsudo find drupal1 -type f -exec chmod 644 {} \\;\n\n# Redémarrage d'Apache pour appliquer les changements\nsudo systemctl restart apache2\n\necho \"Installation de Drupal terminée. Veuillez finaliser la configuration via l'interface web.\"\n",
              "role": "web"
            },
            "zone": "fr-par-1"
          },
          "sensitive_attributes": [],
          "private": "eyJlMmJmYjczMC1lY2FhLTExZTYtOGY4OC0zNDM2M2JjN2M0YzAiOnsiY3JlYXRlIjo2MDAwMDAwMDAwMDAsImRlZmF1bHQiOjYwMDAwMDAwMDAwMCwiZGVsZXRlIjo2MDAwMDAwMDAwMDAsInJlYWQiOjYwMDAwMDAwMDAwMCwidXBkYXRlIjo2MDAwMDAwMDAwMDB9fQ==",
          "dependencies": [
            "scaleway_vpc_private_network.myvpc"
          ]
        }
      ]
    },
    {
      "mode": "managed",
      "type": "scaleway_lb",
      "name": "lb",
      "provider": "provider[\"registry.opentofu.org/scaleway/scaleway\"]",
      "instances": [
        {
          "schema_version": 1,
          "attributes": {
            "assign_flexible_ip": null,
            "description": "",
            "id": "fr-par-1/32a58961-561b-4c2c-b826-28581720c6d4",
            "ip_address": "51.159.24.196",
            "ip_id": "fr-par-1/98199d9b-48d4-4887-abdb-d759de87d232",
            "name": "LesMessagers",
            "organization_id": "01548252-c96f-4826-a6cb-d7d596f52e93",
            "private_network": [
              {
                "dhcp_config": true,
                "private_network_id": "fr-par/2c96e8d9-c435-470d-b464-a263e5af8d5f",
                "static_config": [],
                "status": "ready",
                "zone": "fr-par-1"
              }
            ],
            "project_id": "a76a55c8-4679-4050-9dc5-5f1e22ac0fdd",
            "region": "fr-par",
            "release_ip": false,
            "ssl_compatibility_level": "ssl_compatibility_level_intermediate",
            "tags": null,
            "timeouts": null,
            "type": "LB-S",
            "zone": "fr-par-1"
          },
          "sensitive_attributes": [],
          "private": "eyJlMmJmYjczMC1lY2FhLTExZTYtOGY4OC0zNDM2M2JjN2M0YzAiOnsiY3JlYXRlIjo2MDAwMDAwMDAwMDAsImRlZmF1bHQiOjYwMDAwMDAwMDAwMCwiZGVsZXRlIjo2MDAwMDAwMDAwMDAsInJlYWQiOjYwMDAwMDAwMDAwMCwidXBkYXRlIjo2MDAwMDAwMDAwMDB9LCJzY2hlbWFfdmVyc2lvbiI6IjEifQ==",
          "dependencies": [
            "scaleway_lb_ip.lb",
            "scaleway_vpc_private_network.myvpc",
            "scaleway_vpc_public_gateway.pgw",
            "scaleway_vpc_public_gateway_ip.pgw_ip"
          ]
        }
      ]
    },
    {
      "mode": "managed",
      "type": "scaleway_lb_backend",
      "name": "backend",
      "provider": "provider[\"registry.opentofu.org/scaleway/scaleway\"]",
      "instances": [
        {
          "schema_version": 1,
          "attributes": {
            "failover_host": "",
            "forward_port": 80,
            "forward_port_algorithm": "roundrobin",
            "forward_protocol": "http",
            "health_check_delay": "1m0s",
            "health_check_http": [],
            "health_check_https": [],
            "health_check_max_retries": 2,
            "health_check_port": 80,
            "health_check_send_proxy": false,
            "health_check_tcp": [
              {}
            ],
            "health_check_timeout": "30s",
            "health_check_transient_delay": "500ms",
            "id": "fr-par-1/8941170a-2b44-41fc-ae36-e2a84371f670",
            "ignore_ssl_server_verify": false,
            "lb_id": "fr-par-1/32a58961-561b-4c2c-b826-28581720c6d4",
            "max_connections": 0,
            "max_retries": 3,
            "name": "backend",
            "on_marked_down_action": "none",
            "proxy_protocol": "none",
            "redispatch_attempt_count": 0,
            "send_proxy_v2": false,
            "server_ips": [
              "192.168.42.101",
              "192.168.42.102"
            ],
            "ssl_bridging": false,
            "sticky_sessions": "none",
            "sticky_sessions_cookie_name": "",
            "timeout_connect": "5s",
            "timeout_queue": "0s",
            "timeout_server": "5m0s",
            "timeout_tunnel": "15m0s",
            "timeouts": null
          },
          "sensitive_attributes": [],
          "private": "eyJlMmJmYjczMC1lY2FhLTExZTYtOGY4OC0zNDM2M2JjN2M0YzAiOnsiY3JlYXRlIjo2MDAwMDAwMDAwMDAsImRlZmF1bHQiOjYwMDAwMDAwMDAwMCwiZGVsZXRlIjo2MDAwMDAwMDAwMDAsInJlYWQiOjYwMDAwMDAwMDAwMCwidXBkYXRlIjo2MDAwMDAwMDAwMDB9LCJzY2hlbWFfdmVyc2lvbiI6IjEifQ==",
          "dependencies": [
            "scaleway_lb.lb",
            "scaleway_lb_ip.lb",
            "scaleway_vpc_private_network.myvpc",
            "scaleway_vpc_public_gateway.pgw",
            "scaleway_vpc_public_gateway_ip.pgw_ip"
          ]
        }
      ]
    },
    {
      "mode": "managed",
      "type": "scaleway_lb_frontend",
      "name": "frontend",
      "provider": "provider[\"registry.opentofu.org/scaleway/scaleway\"]",
      "instances": [
        {
          "schema_version": 1,
          "attributes": {
            "acl": [],
            "backend_id": "fr-par-1/8941170a-2b44-41fc-ae36-e2a84371f670",
            "certificate_id": "",
            "certificate_ids": null,
            "enable_http3": false,
            "external_acls": false,
            "id": "fr-par-1/96f0d5ad-15c0-4969-903e-5709f9147269",
            "inbound_port": 80,
            "lb_id": "fr-par-1/32a58961-561b-4c2c-b826-28581720c6d4",
            "name": "frontend",
            "timeout_client": "",
            "timeouts": null
          },
          "sensitive_attributes": [],
          "private": "eyJlMmJmYjczMC1lY2FhLTExZTYtOGY4OC0zNDM2M2JjN2M0YzAiOnsiY3JlYXRlIjo2MDAwMDAwMDAwMDAsImRlZmF1bHQiOjYwMDAwMDAwMDAwMCwiZGVsZXRlIjo2MDAwMDAwMDAwMDAsInJlYWQiOjYwMDAwMDAwMDAwMCwidXBkYXRlIjo2MDAwMDAwMDAwMDB9LCJzY2hlbWFfdmVyc2lvbiI6IjEifQ==",
          "dependencies": [
            "scaleway_lb.lb",
            "scaleway_lb_backend.backend",
            "scaleway_lb_ip.lb",
            "scaleway_vpc_private_network.myvpc",
            "scaleway_vpc_public_gateway.pgw",
            "scaleway_vpc_public_gateway_ip.pgw_ip"
          ]
        }
      ]
    },
    {
      "mode": "managed",
      "type": "scaleway_lb_ip",
      "name": "lb",
      "provider": "provider[\"registry.opentofu.org/scaleway/scaleway\"]",
      "instances": [
        {
          "schema_version": 1,
          "attributes": {
            "id": "fr-par-1/98199d9b-48d4-4887-abdb-d759de87d232",
            "ip_address": "51.159.24.196",
            "lb_id": "",
            "organization_id": "01548252-c96f-4826-a6cb-d7d596f52e93",
            "project_id": "a76a55c8-4679-4050-9dc5-5f1e22ac0fdd",
            "region": "fr-par",
            "reverse": "51-159-24-196.lb.fr-par.scw.cloud",
            "timeouts": null,
            "zone": "fr-par-1"
          },
          "sensitive_attributes": [],
          "private": "eyJlMmJmYjczMC1lY2FhLTExZTYtOGY4OC0zNDM2M2JjN2M0YzAiOnsiY3JlYXRlIjo2MDAwMDAwMDAwMDAsImRlZmF1bHQiOjYwMDAwMDAwMDAwMCwiZGVsZXRlIjo2MDAwMDAwMDAwMDAsInJlYWQiOjYwMDAwMDAwMDAwMCwidXBkYXRlIjo2MDAwMDAwMDAwMDB9LCJzY2hlbWFfdmVyc2lvbiI6IjEifQ=="
        }
      ]
    },
    {
      "mode": "managed",
      "type": "scaleway_vpc_gateway_network",
      "name": "mygw",
      "provider": "provider[\"registry.opentofu.org/scaleway/scaleway\"]",
      "instances": [
        {
          "schema_version": 0,
          "attributes": {
            "cleanup_dhcp": false,
            "created_at": "2024-02-12T13:28:29Z",
            "dhcp_id": "fr-par-1/efa4b08a-01c6-4f5d-aea5-d565c6afe37a",
            "enable_dhcp": true,
            "enable_masquerade": true,
            "gateway_id": "fr-par-1/b35056e1-68d5-4a85-afae-e3c044a27ca4",
            "id": "fr-par-1/276f79b8-3d5b-4617-98b5-f706cee9a81f",
            "ipam_config": null,
            "mac_address": "02:00:00:18:4F:0D",
            "private_network_id": "fr-par/2c96e8d9-c435-470d-b464-a263e5af8d5f",
            "static_address": null,
            "status": "ready",
            "timeouts": null,
            "updated_at": "2024-02-12T13:28:39Z",
            "zone": "fr-par-1"
          },
          "sensitive_attributes": [],
          "private": "eyJlMmJmYjczMC1lY2FhLTExZTYtOGY4OC0zNDM2M2JjN2M0YzAiOnsiY3JlYXRlIjo2MDAwMDAwMDAwMDAsImRlZmF1bHQiOjYwMDAwMDAwMDAwMCwiZGVsZXRlIjo2MDAwMDAwMDAwMDAsInJlYWQiOjYwMDAwMDAwMDAwMCwidXBkYXRlIjo2MDAwMDAwMDAwMDB9fQ==",
          "dependencies": [
            "scaleway_vpc_private_network.myvpc",
            "scaleway_vpc_public_gateway.pgw",
            "scaleway_vpc_public_gateway_dhcp.dhcp",
            "scaleway_vpc_public_gateway_ip.pgw_ip"
          ]
        }
      ]
    },
    {
      "mode": "managed",
      "type": "scaleway_vpc_private_network",
      "name": "myvpc",
      "provider": "provider[\"registry.opentofu.org/scaleway/scaleway\"]",
      "instances": [
        {
          "schema_version": 1,
          "attributes": {
            "created_at": "2024-02-12T13:28:19Z",
            "id": "fr-par/2c96e8d9-c435-470d-b464-a263e5af8d5f",
            "ipv4_subnet": [
              {
                "address": "172.16.8.0",
                "created_at": "2024-02-12T13:28:19Z",
                "id": "82cc2bd6-c750-47dd-b4aa-8dcbb2f88ded",
                "prefix_length": 22,
                "subnet": "172.16.8.0/22",
                "subnet_mask": "255.255.252.0",
                "updated_at": "2024-02-12T13:28:19Z"
              }
            ],
            "ipv6_subnets": [
              {
                "address": "fd94:63d:78ed:e2f7::",
                "created_at": "2024-02-12T13:28:19Z",
                "id": "0b8d2f95-9063-4a96-881c-ec4fcff5f6b3",
                "prefix_length": 64,
                "subnet": "fd94:63d:78ed:e2f7::/64",
                "subnet_mask": "255.255.255.255.255.255.255.255.0.0.0.0.0.0.0.0",
                "updated_at": "2024-02-12T13:28:19Z"
              }
            ],
            "is_regional": true,
            "name": "tf-pn-dazzling-blackburn",
            "organization_id": "01548252-c96f-4826-a6cb-d7d596f52e93",
            "project_id": "a76a55c8-4679-4050-9dc5-5f1e22ac0fdd",
            "region": "fr-par",
            "tags": null,
            "updated_at": "2024-02-12T13:28:19Z",
            "vpc_id": "fr-par/ffb4f43c-5931-4db1-a829-58da0a5c1775",
            "zone": "fr-par-1"
          },
          "sensitive_attributes": [],
          "private": "eyJzY2hlbWFfdmVyc2lvbiI6IjEifQ=="
        }
      ]
    },
    {
      "mode": "managed",
      "type": "scaleway_vpc_public_gateway",
      "name": "pgw",
      "provider": "provider[\"registry.opentofu.org/scaleway/scaleway\"]",
      "instances": [
        {
          "schema_version": 0,
          "attributes": {
            "bastion_enabled": true,
            "bastion_port": 61000,
            "created_at": "2024-02-12T13:28:20Z",
            "enable_smtp": false,
            "id": "fr-par-1/b35056e1-68d5-4a85-afae-e3c044a27ca4",
            "ip_id": "fr-par-1/7957d9b5-c21e-4541-a1f3-d7a762697246",
            "name": "tf-pn-optimistic-mendeleev",
            "organization_id": "01548252-c96f-4826-a6cb-d7d596f52e93",
            "project_id": "a76a55c8-4679-4050-9dc5-5f1e22ac0fdd",
            "status": "running",
            "tags": null,
            "timeouts": null,
            "type": "VPC-GW-S",
            "updated_at": "2024-02-12T13:28:21Z",
            "upstream_dns_servers": null,
            "zone": "fr-par-1"
          },
          "sensitive_attributes": [],
          "private": "eyJlMmJmYjczMC1lY2FhLTExZTYtOGY4OC0zNDM2M2JjN2M0YzAiOnsiY3JlYXRlIjo2MDAwMDAwMDAwMDAsImRlZmF1bHQiOjYwMDAwMDAwMDAwMCwiZGVsZXRlIjo2MDAwMDAwMDAwMDAsInJlYWQiOjYwMDAwMDAwMDAwMCwidXBkYXRlIjo2MDAwMDAwMDAwMDB9fQ==",
          "dependencies": [
            "scaleway_vpc_public_gateway_ip.pgw_ip"
          ]
        }
      ]
    },
    {
      "mode": "managed",
      "type": "scaleway_vpc_public_gateway_dhcp",
      "name": "dhcp",
      "provider": "provider[\"registry.opentofu.org/scaleway/scaleway\"]",
      "instances": [
        {
          "schema_version": 0,
          "attributes": {
            "address": "192.168.42.1",
            "created_at": "2024-02-12T13:28:20Z",
            "dns_local_name": "tf-pn-dazzling-blackburn",
            "dns_search": [],
            "dns_servers_override": [],
            "enable_dynamic": true,
            "id": "fr-par-1/efa4b08a-01c6-4f5d-aea5-d565c6afe37a",
            "organization_id": "01548252-c96f-4826-a6cb-d7d596f52e93",
            "pool_high": "192.168.42.200",
            "pool_low": "192.168.42.100",
            "project_id": "a76a55c8-4679-4050-9dc5-5f1e22ac0fdd",
            "push_default_route": true,
            "push_dns_server": true,
            "rebind_timer": 3060,
            "renew_timer": 3000,
            "subnet": "192.168.42.0/24",
            "updated_at": "2024-02-12T13:28:20Z",
            "valid_lifetime": 3600,
            "zone": "fr-par-1"
          },
          "sensitive_attributes": [],
          "private": "bnVsbA==",
          "dependencies": [
            "scaleway_vpc_private_network.myvpc"
          ]
        }
      ]
    },
    {
      "mode": "managed",
      "type": "scaleway_vpc_public_gateway_dhcp_reservation",
      "name": "frontsrv1",
      "provider": "provider[\"registry.opentofu.org/scaleway/scaleway\"]",
      "instances": [
        {
          "schema_version": 0,
          "attributes": {
            "created_at": "2024-02-12T13:28:33Z",
            "gateway_network_id": "fr-par-1/276f79b8-3d5b-4617-98b5-f706cee9a81f",
            "hostname": "lesmessagers-srv1",
            "id": "fr-par-1/f69ed951-dc3d-4ed2-b2f9-6ed95d8608fc",
            "ip_address": "192.168.42.101",
            "mac_address": "02:00:00:18:4f:0e",
            "timeouts": null,
            "type": "reservation",
            "updated_at": "2024-02-12T13:29:10Z",
            "zone": "fr-par-1"
          },
          "sensitive_attributes": [],
          "private": "eyJlMmJmYjczMC1lY2FhLTExZTYtOGY4OC0zNDM2M2JjN2M0YzAiOnsiY3JlYXRlIjo2MDAwMDAwMDAwMDAsImRlZmF1bHQiOjYwMDAwMDAwMDAwMCwiZGVsZXRlIjo2MDAwMDAwMDAwMDAsInJlYWQiOjYwMDAwMDAwMDAwMCwidXBkYXRlIjo2MDAwMDAwMDAwMDB9fQ==",
          "dependencies": [
            "scaleway_instance_server.deploy_drupal_backend1",
            "scaleway_vpc_gateway_network.mygw",
            "scaleway_vpc_private_network.myvpc",
            "scaleway_vpc_public_gateway.pgw",
            "scaleway_vpc_public_gateway_dhcp.dhcp",
            "scaleway_vpc_public_gateway_ip.pgw_ip"
          ]
        }
      ]
    },
    {
      "mode": "managed",
      "type": "scaleway_vpc_public_gateway_dhcp_reservation",
      "name": "frontsrv2",
      "provider": "provider[\"registry.opentofu.org/scaleway/scaleway\"]",
      "instances": [
        {
          "schema_version": 0,
          "attributes": {
            "created_at": "2024-02-12T13:28:39Z",
            "gateway_network_id": "fr-par-1/276f79b8-3d5b-4617-98b5-f706cee9a81f",
            "hostname": "lesmessagers-srv2",
            "id": "fr-par-1/fffcc577-6c47-4041-ad50-eb9013d83916",
            "ip_address": "192.168.42.102",
            "mac_address": "02:00:00:18:4f:0f",
            "timeouts": null,
            "type": "reservation",
            "updated_at": "2024-02-12T13:29:20Z",
            "zone": "fr-par-1"
          },
          "sensitive_attributes": [],
          "private": "eyJlMmJmYjczMC1lY2FhLTExZTYtOGY4OC0zNDM2M2JjN2M0YzAiOnsiY3JlYXRlIjo2MDAwMDAwMDAwMDAsImRlZmF1bHQiOjYwMDAwMDAwMDAwMCwiZGVsZXRlIjo2MDAwMDAwMDAwMDAsInJlYWQiOjYwMDAwMDAwMDAwMCwidXBkYXRlIjo2MDAwMDAwMDAwMDB9fQ==",
          "dependencies": [
            "scaleway_instance_server.deploy_drupal_backend2",
            "scaleway_vpc_gateway_network.mygw",
            "scaleway_vpc_private_network.myvpc",
            "scaleway_vpc_public_gateway.pgw",
            "scaleway_vpc_public_gateway_dhcp.dhcp",
            "scaleway_vpc_public_gateway_ip.pgw_ip"
          ]
        }
      ]
    },
    {
      "mode": "managed",
      "type": "scaleway_vpc_public_gateway_ip",
      "name": "pgw_ip",
      "provider": "provider[\"registry.opentofu.org/scaleway/scaleway\"]",
      "instances": [
        {
          "schema_version": 0,
          "attributes": {
            "address": "51.158.116.161",
            "created_at": "2024-02-12T13:28:20Z",
            "id": "fr-par-1/7957d9b5-c21e-4541-a1f3-d7a762697246",
            "organization_id": "01548252-c96f-4826-a6cb-d7d596f52e93",
            "project_id": "a76a55c8-4679-4050-9dc5-5f1e22ac0fdd",
            "reverse": "161-116-158-51.instances.scw.cloud",
            "tags": null,
            "updated_at": "2024-02-12T13:28:20Z",
            "zone": "fr-par-1"
          },
          "sensitive_attributes": [],
          "private": "bnVsbA=="
        }
      ]
    },
    {
      "mode": "managed",
      "type": "scaleway_vpc_public_gateway_pat_rule",
      "name": "http",
      "provider": "provider[\"registry.opentofu.org/scaleway/scaleway\"]",
      "instances": [
        {
          "schema_version": 0,
          "attributes": {
            "created_at": "2024-02-12T13:28:40Z",
            "gateway_id": "fr-par-1/b35056e1-68d5-4a85-afae-e3c044a27ca4",
            "id": "fr-par-1/904c9a4c-ad8b-47b1-a9a0-446ded4e8717",
            "organization_id": null,
            "private_ip": "192.168.42.11",
            "private_port": 80,
            "protocol": "tcp",
            "public_port": 80,
            "timeouts": null,
            "updated_at": "2024-02-12T13:28:40Z",
            "zone": "fr-par-1"
          },
          "sensitive_attributes": [],
          "private": "eyJlMmJmYjczMC1lY2FhLTExZTYtOGY4OC0zNDM2M2JjN2M0YzAiOnsiY3JlYXRlIjo2MDAwMDAwMDAwMDAsImRlZmF1bHQiOjYwMDAwMDAwMDAwMCwiZGVsZXRlIjo2MDAwMDAwMDAwMDAsInJlYWQiOjYwMDAwMDAwMDAwMCwidXBkYXRlIjo2MDAwMDAwMDAwMDB9fQ==",
          "dependencies": [
            "scaleway_vpc_gateway_network.mygw",
            "scaleway_vpc_private_network.myvpc",
            "scaleway_vpc_public_gateway.pgw",
            "scaleway_vpc_public_gateway_dhcp.dhcp",
            "scaleway_vpc_public_gateway_ip.pgw_ip"
          ]
        }
      ]
    },
    {
      "mode": "managed",
      "type": "scaleway_vpc_public_gateway_pat_rule",
      "name": "https",
      "provider": "provider[\"registry.opentofu.org/scaleway/scaleway\"]",
      "instances": [
        {
          "schema_version": 0,
          "attributes": {
            "created_at": "2024-02-12T13:28:40Z",
            "gateway_id": "fr-par-1/b35056e1-68d5-4a85-afae-e3c044a27ca4",
            "id": "fr-par-1/e7779807-1620-4551-ab24-58fcd21125be",
            "organization_id": null,
            "private_ip": "192.168.42.11",
            "private_port": 443,
            "protocol": "tcp",
            "public_port": 443,
            "timeouts": null,
            "updated_at": "2024-02-12T13:28:40Z",
            "zone": "fr-par-1"
          },
          "sensitive_attributes": [],
          "private": "eyJlMmJmYjczMC1lY2FhLTExZTYtOGY4OC0zNDM2M2JjN2M0YzAiOnsiY3JlYXRlIjo2MDAwMDAwMDAwMDAsImRlZmF1bHQiOjYwMDAwMDAwMDAwMCwiZGVsZXRlIjo2MDAwMDAwMDAwMDAsInJlYWQiOjYwMDAwMDAwMDAwMCwidXBkYXRlIjo2MDAwMDAwMDAwMDB9fQ==",
          "dependencies": [
            "scaleway_vpc_gateway_network.mygw",
            "scaleway_vpc_private_network.myvpc",
            "scaleway_vpc_public_gateway.pgw",
            "scaleway_vpc_public_gateway_dhcp.dhcp",
            "scaleway_vpc_public_gateway_ip.pgw_ip"
          ]
        }
      ]
    }
  ],
  "check_results": null
}
