{
  "version": 4,
  "terraform_version": "1.6.0",
  "serial": 34,
  "lineage": "61cb0915-17b0-4569-db40-e2efcad892c6",
  "outputs": {
    "bastion_ip": {
      "value": "51.15.137.222",
      "type": "string"
    }
  },
  "resources": [
    {
      "mode": "managed",
      "type": "scaleway_instance_server",
      "name": "deploy_drupal_backend1",
      "provider": "provider[\"registry.opentofu.org/scaleway/scaleway\"]",
      "instances": []
    },
    {
      "mode": "managed",
      "type": "scaleway_instance_server",
      "name": "deploy_drupal_backend2",
      "provider": "provider[\"registry.opentofu.org/scaleway/scaleway\"]",
      "instances": []
    },
    {
      "mode": "managed",
      "type": "scaleway_lb",
      "name": "lb",
      "provider": "provider[\"registry.opentofu.org/scaleway/scaleway\"]",
      "instances": []
    },
    {
      "mode": "managed",
      "type": "scaleway_lb_ip",
      "name": "lb",
      "provider": "provider[\"registry.opentofu.org/scaleway/scaleway\"]",
      "instances": [
        {
          "schema_version": 1,
          "attributes": {
            "id": "fr-par-1/98199d9b-48d4-4887-abdb-d759de87d232",
            "ip_address": "51.159.24.196",
            "lb_id": "",
            "organization_id": "01548252-c96f-4826-a6cb-d7d596f52e93",
            "project_id": "a76a55c8-4679-4050-9dc5-5f1e22ac0fdd",
            "region": "fr-par",
            "reverse": "51-159-24-196.lb.fr-par.scw.cloud",
            "timeouts": null,
            "zone": "fr-par-1"
          },
          "sensitive_attributes": [],
          "private": "eyJlMmJmYjczMC1lY2FhLTExZTYtOGY4OC0zNDM2M2JjN2M0YzAiOnsiY3JlYXRlIjo2MDAwMDAwMDAwMDAsImRlZmF1bHQiOjYwMDAwMDAwMDAwMCwiZGVsZXRlIjo2MDAwMDAwMDAwMDAsInJlYWQiOjYwMDAwMDAwMDAwMCwidXBkYXRlIjo2MDAwMDAwMDAwMDB9LCJzY2hlbWFfdmVyc2lvbiI6IjEifQ=="
        }
      ]
    },
    {
      "mode": "managed",
      "type": "scaleway_vpc_gateway_network",
      "name": "mygw",
      "provider": "provider[\"registry.opentofu.org/scaleway/scaleway\"]",
      "instances": [
        {
          "schema_version": 0,
          "attributes": {
            "cleanup_dhcp": false,
            "created_at": "2024-02-12T13:12:41Z",
            "dhcp_id": "fr-par-1/c800ede2-8a18-42dd-a90c-c4e4a15c6e5d",
            "enable_dhcp": true,
            "enable_masquerade": true,
            "gateway_id": "fr-par-1/4c8dfc16-1f1d-4e43-815c-159e200469e2",
            "id": "fr-par-1/ca4b2532-c387-490f-87ec-264eecc6e20c",
            "ipam_config": null,
            "mac_address": "02:00:00:18:4E:E5",
            "private_network_id": "fr-par/5c59f597-7787-4492-a3ca-3e5de6521612",
            "static_address": null,
            "status": "ready",
            "timeouts": null,
            "updated_at": "2024-02-12T13:12:51Z",
            "zone": "fr-par-1"
          },
          "sensitive_attributes": [],
          "private": "eyJlMmJmYjczMC1lY2FhLTExZTYtOGY4OC0zNDM2M2JjN2M0YzAiOnsiY3JlYXRlIjo2MDAwMDAwMDAwMDAsImRlZmF1bHQiOjYwMDAwMDAwMDAwMCwiZGVsZXRlIjo2MDAwMDAwMDAwMDAsInJlYWQiOjYwMDAwMDAwMDAwMCwidXBkYXRlIjo2MDAwMDAwMDAwMDB9fQ==",
          "dependencies": [
            "scaleway_vpc_private_network.myvpc",
            "scaleway_vpc_public_gateway.pgw",
            "scaleway_vpc_public_gateway_dhcp.dhcp",
            "scaleway_vpc_public_gateway_ip.pgw_ip"
          ]
        }
      ]
    },
    {
      "mode": "managed",
      "type": "scaleway_vpc_private_network",
      "name": "myvpc",
      "provider": "provider[\"registry.opentofu.org/scaleway/scaleway\"]",
      "instances": [
        {
          "schema_version": 1,
          "attributes": {
            "created_at": "2024-02-12T13:12:28Z",
            "id": "fr-par/5c59f597-7787-4492-a3ca-3e5de6521612",
            "ipv4_subnet": [
              {
                "address": "172.16.16.0",
                "created_at": "2024-02-12T13:12:28Z",
                "id": "35b2ff21-92ad-4ac2-8138-639e14ff9eb6",
                "prefix_length": 22,
                "subnet": "172.16.16.0/22",
                "subnet_mask": "255.255.252.0",
                "updated_at": "2024-02-12T13:12:28Z"
              }
            ],
            "ipv6_subnets": [
              {
                "address": "fd94:63d:78ed:85aa::",
                "created_at": "2024-02-12T13:12:28Z",
                "id": "baf1d6a7-1021-4ee2-8819-847730f0b302",
                "prefix_length": 64,
                "subnet": "fd94:63d:78ed:85aa::/64",
                "subnet_mask": "255.255.255.255.255.255.255.255.0.0.0.0.0.0.0.0",
                "updated_at": "2024-02-12T13:12:28Z"
              }
            ],
            "is_regional": true,
            "name": "tf-pn-upbeat-mcclintock",
            "organization_id": "01548252-c96f-4826-a6cb-d7d596f52e93",
            "project_id": "a76a55c8-4679-4050-9dc5-5f1e22ac0fdd",
            "region": "fr-par",
            "tags": null,
            "updated_at": "2024-02-12T13:12:28Z",
            "vpc_id": "fr-par/ffb4f43c-5931-4db1-a829-58da0a5c1775",
            "zone": "fr-par-1"
          },
          "sensitive_attributes": [],
          "private": "eyJzY2hlbWFfdmVyc2lvbiI6IjEifQ=="
        }
      ]
    },
    {
      "mode": "managed",
      "type": "scaleway_vpc_public_gateway",
      "name": "pgw",
      "provider": "provider[\"registry.opentofu.org/scaleway/scaleway\"]",
      "instances": [
        {
          "schema_version": 0,
          "attributes": {
            "bastion_enabled": true,
            "bastion_port": 61000,
            "created_at": "2024-02-12T13:12:29Z",
            "enable_smtp": false,
            "id": "fr-par-1/4c8dfc16-1f1d-4e43-815c-159e200469e2",
            "ip_id": "fr-par-1/65ac2d8f-439a-4f0a-a71d-428d784df2b5",
            "name": "tf-pn-vigilant-yonath",
            "organization_id": "01548252-c96f-4826-a6cb-d7d596f52e93",
            "project_id": "a76a55c8-4679-4050-9dc5-5f1e22ac0fdd",
            "status": "running",
            "tags": null,
            "timeouts": null,
            "type": "VPC-GW-S",
            "updated_at": "2024-02-12T13:12:30Z",
            "upstream_dns_servers": null,
            "zone": "fr-par-1"
          },
          "sensitive_attributes": [],
          "private": "eyJlMmJmYjczMC1lY2FhLTExZTYtOGY4OC0zNDM2M2JjN2M0YzAiOnsiY3JlYXRlIjo2MDAwMDAwMDAwMDAsImRlZmF1bHQiOjYwMDAwMDAwMDAwMCwiZGVsZXRlIjo2MDAwMDAwMDAwMDAsInJlYWQiOjYwMDAwMDAwMDAwMCwidXBkYXRlIjo2MDAwMDAwMDAwMDB9fQ==",
          "dependencies": [
            "scaleway_vpc_public_gateway_ip.pgw_ip"
          ]
        }
      ]
    },
    {
      "mode": "managed",
      "type": "scaleway_vpc_public_gateway_dhcp",
      "name": "dhcp",
      "provider": "provider[\"registry.opentofu.org/scaleway/scaleway\"]",
      "instances": [
        {
          "schema_version": 0,
          "attributes": {
            "address": "192.168.42.1",
            "created_at": "2024-02-12T13:12:30Z",
            "dns_local_name": "tf-pn-upbeat-mcclintock",
            "dns_search": [],
            "dns_servers_override": [],
            "enable_dynamic": true,
            "id": "fr-par-1/c800ede2-8a18-42dd-a90c-c4e4a15c6e5d",
            "organization_id": "01548252-c96f-4826-a6cb-d7d596f52e93",
            "pool_high": "192.168.42.200",
            "pool_low": "192.168.42.100",
            "project_id": "a76a55c8-4679-4050-9dc5-5f1e22ac0fdd",
            "push_default_route": true,
            "push_dns_server": true,
            "rebind_timer": 3060,
            "renew_timer": 3000,
            "subnet": "192.168.42.0/24",
            "updated_at": "2024-02-12T13:12:30Z",
            "valid_lifetime": 3600,
            "zone": "fr-par-1"
          },
          "sensitive_attributes": [],
          "private": "bnVsbA==",
          "dependencies": [
            "scaleway_vpc_private_network.myvpc"
          ]
        }
      ]
    },
    {
      "mode": "managed",
      "type": "scaleway_vpc_public_gateway_ip",
      "name": "pgw_ip",
      "provider": "provider[\"registry.opentofu.org/scaleway/scaleway\"]",
      "instances": [
        {
          "schema_version": 0,
          "attributes": {
            "address": "51.15.137.222",
            "created_at": "2024-02-12T13:12:29Z",
            "id": "fr-par-1/65ac2d8f-439a-4f0a-a71d-428d784df2b5",
            "organization_id": "01548252-c96f-4826-a6cb-d7d596f52e93",
            "project_id": "a76a55c8-4679-4050-9dc5-5f1e22ac0fdd",
            "reverse": "222-137-15-51.instances.scw.cloud",
            "tags": null,
            "updated_at": "2024-02-12T13:12:29Z",
            "zone": "fr-par-1"
          },
          "sensitive_attributes": [],
          "private": "bnVsbA=="
        }
      ]
    }
  ],
  "check_results": null
}
